
Microsoft Visual Studio Solution File, Format Version 12.00
# Visual Studio Version 17
VisualStudioVersion = 17.0.31903.59
MinimumVisualStudioVersion = 10.0.40219.1
Project("{FAE04EC0-301F-11D3-BF4B-00C04F79EFBC}") = "Exercise_7", "Exercise_7\Exercise_7.csproj", "{8EC7ADE3-318F-4615-BA89-F111C0C3848A}"
EndProject
Global
	GlobalSection(SolutionConfigurationPlatforms) = preSolution
		Debug|Any CPU = Debug|Any CPU
		Release|Any CPU = Release|Any CPU
	EndGlobalSection
	GlobalSection(ProjectConfigurationPlatforms) = postSolution
		{8EC7ADE3-318F-4615-BA89-F111C0C3848A}.Debug|Any CPU.ActiveCfg = Debug|Any CPU
		{8EC7ADE3-318F-4615-BA89-F111C0C3848A}.Debug|Any CPU.Build.0 = Debug|Any CPU
		{8EC7ADE3-318F-4615-BA89-F111C0C3848A}.Release|Any CPU.ActiveCfg = Release|Any CPU
		{8EC7ADE3-318F-4615-BA89-F111C0C3848A}.Release|Any CPU.Build.0 = Release|Any CPU
	EndGlobalSection
	GlobalSection(SolutionProperties) = preSolution
		HideSolutionNode = FALSE
	EndGlobalSection
	GlobalSection(ExtensibilityGlobals) = postSolution
		SolutionGuid = {F9C97446-3C64-4D81-9B78-E1E3694BE9E3}
	EndGlobalSection
EndGlobal
